// !$*UTF8*$!
{
	archiveVersion = 1;
	classes = {
	};
	objectVersion = 55;
	objects = {

/* Begin PBXBuildFile section */
		337F53CD27CF808C009D9894 /* LocationModel.swift in Sources */ = {isa = PBXBuildFile; fileRef = 337F53CC27CF808C009D9894 /* LocationModel.swift */; };
		337F53CF27CF8722009D9894 /* MapAnnotationView.swift in Sources */ = {isa = PBXBuildFile; fileRef = 337F53CE27CF8722009D9894 /* MapAnnotationView.swift */; };
		337F53F427CFF5EE009D9894 /* MotionAnimationView.swift in Sources */ = {isa = PBXBuildFile; fileRef = 337F53F327CFF5EE009D9894 /* MotionAnimationView.swift */; };
		33A2BA7027CBF576009E14B5 /* VideoPlayerHelper.swift in Sources */ = {isa = PBXBuildFile; fileRef = 33A2BA6F27CBF576009E14B5 /* VideoPlayerHelper.swift */; };
		33AE4CAC27CCF2A100B6F8CD /* cheetah.mp4 in Resources */ = {isa = PBXBuildFile; fileRef = 33DB402427CAC69800C0CEDC /* cheetah.mp4 */; };
		33AE4CAD27CCF2AC00B6F8CD /* rhino.mp4 in Resources */ = {isa = PBXBuildFile; fileRef = 33DB402927CAC69B00C0CEDC /* rhino.mp4 */; };
		33AE4CAE27CCF2AC00B6F8CD /* gorilla.mp4 in Resources */ = {isa = PBXBuildFile; fileRef = 33DB402A27CAC69B00C0CEDC /* gorilla.mp4 */; };
		33AE4CAF27CCF2AC00B6F8CD /* hippo.mp4 in Resources */ = {isa = PBXBuildFile; fileRef = 33DB402827CAC69A00C0CEDC /* hippo.mp4 */; };
		33AE4CB027CCF2AC00B6F8CD /* lioness.mp4 in Resources */ = {isa = PBXBuildFile; fileRef = 33DB402727CAC69A00C0CEDC /* lioness.mp4 */; };
		33AE4CB127CCF2AC00B6F8CD /* ostrich.mp4 in Resources */ = {isa = PBXBuildFile; fileRef = 33DB402B27CAC69C00C0CEDC /* ostrich.mp4 */; };
		33AE4CB227CCF2AC00B6F8CD /* elephant.mp4 in Resources */ = {isa = PBXBuildFile; fileRef = 33DB402327CAC69800C0CEDC /* elephant.mp4 */; };
		33AE4CB327CCF2AC00B6F8CD /* giraffe.mp4 in Resources */ = {isa = PBXBuildFile; fileRef = 33DB402227CAC69700C0CEDC /* giraffe.mp4 */; };
		33AE4CB427CCF2AC00B6F8CD /* lion.mp4 in Resources */ = {isa = PBXBuildFile; fileRef = 33DB402527CAC69900C0CEDC /* lion.mp4 */; };
		33AE4CB527CCF2AC00B6F8CD /* zebra.mp4 in Resources */ = {isa = PBXBuildFile; fileRef = 33DB402627CAC69900C0CEDC /* zebra.mp4 */; };
		33DB401427CAC2AA00C0CEDC /* AfricaApp.swift in Sources */ = {isa = PBXBuildFile; fileRef = 33DB401327CAC2AA00C0CEDC /* AfricaApp.swift */; };
		33DB401627CAC2AA00C0CEDC /* ContentView.swift in Sources */ = {isa = PBXBuildFile; fileRef = 33DB401527CAC2AA00C0CEDC /* ContentView.swift */; };
		33DB401827CAC2AD00C0CEDC /* Assets.xcassets in Resources */ = {isa = PBXBuildFile; fileRef = 33DB401727CAC2AD00C0CEDC /* Assets.xcassets */; };
		33DB401B27CAC2AD00C0CEDC /* Preview Assets.xcassets in Resources */ = {isa = PBXBuildFile; fileRef = 33DB401A27CAC2AD00C0CEDC /* Preview Assets.xcassets */; };
		33DB403127CAC71900C0CEDC /* videos.json in Resources */ = {isa = PBXBuildFile; fileRef = 33DB402D27CAC71800C0CEDC /* videos.json */; };
		33DB403227CAC71900C0CEDC /* covers.json in Resources */ = {isa = PBXBuildFile; fileRef = 33DB402E27CAC71800C0CEDC /* covers.json */; };
		33DB403327CAC71900C0CEDC /* locations.json in Resources */ = {isa = PBXBuildFile; fileRef = 33DB402F27CAC71900C0CEDC /* locations.json */; };
		33DB403427CAC71900C0CEDC /* animals.json in Resources */ = {isa = PBXBuildFile; fileRef = 33DB403027CAC71900C0CEDC /* animals.json */; };
		33DB403827CAD14100C0CEDC /* VideoListView.swift in Sources */ = {isa = PBXBuildFile; fileRef = 33DB403727CAD14100C0CEDC /* VideoListView.swift */; };
		33DB403A27CAD15400C0CEDC /* MapView.swift in Sources */ = {isa = PBXBuildFile; fileRef = 33DB403927CAD15400C0CEDC /* MapView.swift */; };
		33DB403C27CAD16C00C0CEDC /* GalleryView.swift in Sources */ = {isa = PBXBuildFile; fileRef = 33DB403B27CAD16C00C0CEDC /* GalleryView.swift */; };
		33DB403E27CAD17B00C0CEDC /* MainView.swift in Sources */ = {isa = PBXBuildFile; fileRef = 33DB403D27CAD17B00C0CEDC /* MainView.swift */; };
		33DB404127CAD93F00C0CEDC /* CoverImageView.swift in Sources */ = {isa = PBXBuildFile; fileRef = 33DB404027CAD93F00C0CEDC /* CoverImageView.swift */; };
		33DB404427CADC2D00C0CEDC /* CoverImageModel.swift in Sources */ = {isa = PBXBuildFile; fileRef = 33DB404327CADC2D00C0CEDC /* CoverImageModel.swift */; };
		33DB404727CAF79300C0CEDC /* CodableBundleExtension.swift in Sources */ = {isa = PBXBuildFile; fileRef = 33DB404627CAF79300C0CEDC /* CodableBundleExtension.swift */; };
		33DB404927CB8FB300C0CEDC /* AnimalListItemView.swift in Sources */ = {isa = PBXBuildFile; fileRef = 33DB404827CB8FB300C0CEDC /* AnimalListItemView.swift */; };
		33DB404B27CB929600C0CEDC /* AnimalModel.swift in Sources */ = {isa = PBXBuildFile; fileRef = 33DB404A27CB929600C0CEDC /* AnimalModel.swift */; };
		33DB404D27CB964000C0CEDC /* AnimalDetailView.swift in Sources */ = {isa = PBXBuildFile; fileRef = 33DB404C27CB964000C0CEDC /* AnimalDetailView.swift */; };
		33DB404F27CB9AF700C0CEDC /* HeadingView.swift in Sources */ = {isa = PBXBuildFile; fileRef = 33DB404E27CB9AF700C0CEDC /* HeadingView.swift */; };
		33DB405127CB9C2800C0CEDC /* InsetGalleryView.swift in Sources */ = {isa = PBXBuildFile; fileRef = 33DB405027CB9C2800C0CEDC /* InsetGalleryView.swift */; };
		33DB405327CBA46800C0CEDC /* InsetFactView.swift in Sources */ = {isa = PBXBuildFile; fileRef = 33DB405227CBA46800C0CEDC /* InsetFactView.swift */; };
		33DB405527CBA7A100C0CEDC /* InsetMapView.swift in Sources */ = {isa = PBXBuildFile; fileRef = 33DB405427CBA7A100C0CEDC /* InsetMapView.swift */; };
		33DB405727CBB30E00C0CEDC /* ExternalWeblinkView.swift in Sources */ = {isa = PBXBuildFile; fileRef = 33DB405627CBB30E00C0CEDC /* ExternalWeblinkView.swift */; };
		33DB405927CBB62900C0CEDC /* VideoModel.swift in Sources */ = {isa = PBXBuildFile; fileRef = 33DB405827CBB62900C0CEDC /* VideoModel.swift */; };
		33DB405B27CBB68D00C0CEDC /* VideoListItemView.swift in Sources */ = {isa = PBXBuildFile; fileRef = 33DB405A27CBB68D00C0CEDC /* VideoListItemView.swift */; };
		33F4F5B927CC5C1800159B3E /* VideoPlayerView.swift in Sources */ = {isa = PBXBuildFile; fileRef = 33F4F5B827CC5C1800159B3E /* VideoPlayerView.swift */; };
/* End PBXBuildFile section */

/* Begin PBXFileReference section */
		337F53CC27CF808C009D9894 /* LocationModel.swift */ = {isa = PBXFileReference; lastKnownFileType = sourcecode.swift; path = LocationModel.swift; sourceTree = "<group>"; };
		337F53CE27CF8722009D9894 /* MapAnnotationView.swift */ = {isa = PBXFileReference; lastKnownFileType = sourcecode.swift; path = MapAnnotationView.swift; sourceTree = "<group>"; };
		337F53F327CFF5EE009D9894 /* MotionAnimationView.swift */ = {isa = PBXFileReference; lastKnownFileType = sourcecode.swift; path = MotionAnimationView.swift; sourceTree = "<group>"; };
		33A2BA6F27CBF576009E14B5 /* VideoPlayerHelper.swift */ = {isa = PBXFileReference; lastKnownFileType = sourcecode.swift; path = VideoPlayerHelper.swift; sourceTree = "<group>"; };
		33DB401027CAC2AA00C0CEDC /* Africa.app */ = {isa = PBXFileReference; explicitFileType = wrapper.application; includeInIndex = 0; path = Africa.app; sourceTree = BUILT_PRODUCTS_DIR; };
		33DB401327CAC2AA00C0CEDC /* AfricaApp.swift */ = {isa = PBXFileReference; lastKnownFileType = sourcecode.swift; path = AfricaApp.swift; sourceTree = "<group>"; };
		33DB401527CAC2AA00C0CEDC /* ContentView.swift */ = {isa = PBXFileReference; lastKnownFileType = sourcecode.swift; path = ContentView.swift; sourceTree = "<group>"; };
		33DB401727CAC2AD00C0CEDC /* Assets.xcassets */ = {isa = PBXFileReference; lastKnownFileType = folder.assetcatalog; path = Assets.xcassets; sourceTree = "<group>"; };
		33DB401A27CAC2AD00C0CEDC /* Preview Assets.xcassets */ = {isa = PBXFileReference; lastKnownFileType = folder.assetcatalog; path = "Preview Assets.xcassets"; sourceTree = "<group>"; };
		33DB402227CAC69700C0CEDC /* giraffe.mp4 */ = {isa = PBXFileReference; lastKnownFileType = file; path = giraffe.mp4; sourceTree = "<group>"; };
		33DB402327CAC69800C0CEDC /* elephant.mp4 */ = {isa = PBXFileReference; lastKnownFileType = file; path = elephant.mp4; sourceTree = "<group>"; };
		33DB402427CAC69800C0CEDC /* cheetah.mp4 */ = {isa = PBXFileReference; lastKnownFileType = file; path = cheetah.mp4; sourceTree = "<group>"; };
		33DB402527CAC69900C0CEDC /* lion.mp4 */ = {isa = PBXFileReference; lastKnownFileType = file; path = lion.mp4; sourceTree = "<group>"; };
		33DB402627CAC69900C0CEDC /* zebra.mp4 */ = {isa = PBXFileReference; lastKnownFileType = file; path = zebra.mp4; sourceTree = "<group>"; };
		33DB402727CAC69A00C0CEDC /* lioness.mp4 */ = {isa = PBXFileReference; lastKnownFileType = file; path = lioness.mp4; sourceTree = "<group>"; };
		33DB402827CAC69A00C0CEDC /* hippo.mp4 */ = {isa = PBXFileReference; lastKnownFileType = file; path = hippo.mp4; sourceTree = "<group>"; };
		33DB402927CAC69B00C0CEDC /* rhino.mp4 */ = {isa = PBXFileReference; lastKnownFileType = file; path = rhino.mp4; sourceTree = "<group>"; };
		33DB402A27CAC69B00C0CEDC /* gorilla.mp4 */ = {isa = PBXFileReference; lastKnownFileType = file; path = gorilla.mp4; sourceTree = "<group>"; };
		33DB402B27CAC69C00C0CEDC /* ostrich.mp4 */ = {isa = PBXFileReference; lastKnownFileType = file; path = ostrich.mp4; sourceTree = "<group>"; };
		33DB402D27CAC71800C0CEDC /* videos.json */ = {isa = PBXFileReference; fileEncoding = 4; lastKnownFileType = text.json; path = videos.json; sourceTree = "<group>"; };
		33DB402E27CAC71800C0CEDC /* covers.json */ = {isa = PBXFileReference; fileEncoding = 4; lastKnownFileType = text.json; path = covers.json; sourceTree = "<group>"; };
		33DB402F27CAC71900C0CEDC /* locations.json */ = {isa = PBXFileReference; fileEncoding = 4; lastKnownFileType = text.json; path = locations.json; sourceTree = "<group>"; };
		33DB403027CAC71900C0CEDC /* animals.json */ = {isa = PBXFileReference; fileEncoding = 4; lastKnownFileType = text.json; path = animals.json; sourceTree = "<group>"; };
		33DB403527CACF9500C0CEDC /* Info.plist */ = {isa = PBXFileReference; lastKnownFileType = text.plist; path = Info.plist; sourceTree = "<group>"; };
		33DB403727CAD14100C0CEDC /* VideoListView.swift */ = {isa = PBXFileReference; lastKnownFileType = sourcecode.swift; path = VideoListView.swift; sourceTree = "<group>"; };
		33DB403927CAD15400C0CEDC /* MapView.swift */ = {isa = PBXFileReference; lastKnownFileType = sourcecode.swift; path = MapView.swift; sourceTree = "<group>"; };
		33DB403B27CAD16C00C0CEDC /* GalleryView.swift */ = {isa = PBXFileReference; lastKnownFileType = sourcecode.swift; path = GalleryView.swift; sourceTree = "<group>"; };
		33DB403D27CAD17B00C0CEDC /* MainView.swift */ = {isa = PBXFileReference; lastKnownFileType = sourcecode.swift; path = MainView.swift; sourceTree = "<group>"; };
		33DB404027CAD93F00C0CEDC /* CoverImageView.swift */ = {isa = PBXFileReference; lastKnownFileType = sourcecode.swift; path = CoverImageView.swift; sourceTree = "<group>"; };
		33DB404327CADC2D00C0CEDC /* CoverImageModel.swift */ = {isa = PBXFileReference; lastKnownFileType = sourcecode.swift; path = CoverImageModel.swift; sourceTree = "<group>"; };
		33DB404627CAF79300C0CEDC /* CodableBundleExtension.swift */ = {isa = PBXFileReference; lastKnownFileType = sourcecode.swift; path = CodableBundleExtension.swift; sourceTree = "<group>"; };
		33DB404827CB8FB300C0CEDC /* AnimalListItemView.swift */ = {isa = PBXFileReference; lastKnownFileType = sourcecode.swift; path = AnimalListItemView.swift; sourceTree = "<group>"; };
		33DB404A27CB929600C0CEDC /* AnimalModel.swift */ = {isa = PBXFileReference; lastKnownFileType = sourcecode.swift; path = AnimalModel.swift; sourceTree = "<group>"; };
		33DB404C27CB964000C0CEDC /* AnimalDetailView.swift */ = {isa = PBXFileReference; lastKnownFileType = sourcecode.swift; path = AnimalDetailView.swift; sourceTree = "<group>"; };
		33DB404E27CB9AF700C0CEDC /* HeadingView.swift */ = {isa = PBXFileReference; lastKnownFileType = sourcecode.swift; path = HeadingView.swift; sourceTree = "<group>"; };
		33DB405027CB9C2800C0CEDC /* InsetGalleryView.swift */ = {isa = PBXFileReference; lastKnownFileType = sourcecode.swift; path = InsetGalleryView.swift; sourceTree = "<group>"; };
		33DB405227CBA46800C0CEDC /* InsetFactView.swift */ = {isa = PBXFileReference; lastKnownFileType = sourcecode.swift; path = InsetFactView.swift; sourceTree = "<group>"; };
		33DB405427CBA7A100C0CEDC /* InsetMapView.swift */ = {isa = PBXFileReference; lastKnownFileType = sourcecode.swift; path = InsetMapView.swift; sourceTree = "<group>"; };
		33DB405627CBB30E00C0CEDC /* ExternalWeblinkView.swift */ = {isa = PBXFileReference; lastKnownFileType = sourcecode.swift; path = ExternalWeblinkView.swift; sourceTree = "<group>"; };
		33DB405827CBB62900C0CEDC /* VideoModel.swift */ = {isa = PBXFileReference; lastKnownFileType = sourcecode.swift; path = VideoModel.swift; sourceTree = "<group>"; };
		33DB405A27CBB68D00C0CEDC /* VideoListItemView.swift */ = {isa = PBXFileReference; lastKnownFileType = sourcecode.swift; path = VideoListItemView.swift; sourceTree = "<group>"; };
		33F4F5B827CC5C1800159B3E /* VideoPlayerView.swift */ = {isa = PBXFileReference; lastKnownFileType = sourcecode.swift; path = VideoPlayerView.swift; sourceTree = "<group>"; };
/* End PBXFileReference section */

/* Begin PBXFrameworksBuildPhase section */
		33DB400D27CAC2AA00C0CEDC /* Frameworks */ = {
			isa = PBXFrameworksBuildPhase;
			buildActionMask = 2147483647;
			files = (
			);
			runOnlyForDeploymentPostprocessing = 0;
		};
/* End PBXFrameworksBuildPhase section */

/* Begin PBXGroup section */
		33A2BA6E27CBF55D009E14B5 /* Helper */ = {
			isa = PBXGroup;
			children = (
				33A2BA6F27CBF576009E14B5 /* VideoPlayerHelper.swift */,
			);
			path = Helper;
			sourceTree = "<group>";
		};
		33DB400727CAC2AA00C0CEDC = {
			isa = PBXGroup;
			children = (
				33DB401227CAC2AA00C0CEDC /* Africa */,
				33DB401127CAC2AA00C0CEDC /* Products */,
			);
			sourceTree = "<group>";
		};
		33DB401127CAC2AA00C0CEDC /* Products */ = {
			isa = PBXGroup;
			children = (
				33DB401027CAC2AA00C0CEDC /* Africa.app */,
			);
			name = Products;
			sourceTree = "<group>";
		};
		33DB401227CAC2AA00C0CEDC /* Africa */ = {
			isa = PBXGroup;
			children = (
				33A2BA6E27CBF55D009E14B5 /* Helper */,
				33DB404527CAF77D00C0CEDC /* Extension */,
				33DB404227CADC1200C0CEDC /* Model */,
				33DB403627CAD0FC00C0CEDC /* App */,
				33DB403F27CAD92800C0CEDC /* View */,
				33DB402C27CAC6FA00C0CEDC /* Data */,
				33DB402127CAC66B00C0CEDC /* Video */,
				33DB403527CACF9500C0CEDC /* Info.plist */,
				33DB401727CAC2AD00C0CEDC /* Assets.xcassets */,
				33DB401927CAC2AD00C0CEDC /* Preview Content */,
			);
			path = Africa;
			sourceTree = "<group>";
		};
		33DB401927CAC2AD00C0CEDC /* Preview Content */ = {
			isa = PBXGroup;
			children = (
				33DB401A27CAC2AD00C0CEDC /* Preview Assets.xcassets */,
			);
			path = "Preview Content";
			sourceTree = "<group>";
		};
		33DB402127CAC66B00C0CEDC /* Video */ = {
			isa = PBXGroup;
			children = (
				33DB402427CAC69800C0CEDC /* cheetah.mp4 */,
				33DB402327CAC69800C0CEDC /* elephant.mp4 */,
				33DB402227CAC69700C0CEDC /* giraffe.mp4 */,
				33DB402A27CAC69B00C0CEDC /* gorilla.mp4 */,
				33DB402827CAC69A00C0CEDC /* hippo.mp4 */,
				33DB402527CAC69900C0CEDC /* lion.mp4 */,
				33DB402727CAC69A00C0CEDC /* lioness.mp4 */,
				33DB402B27CAC69C00C0CEDC /* ostrich.mp4 */,
				33DB402927CAC69B00C0CEDC /* rhino.mp4 */,
				33DB402627CAC69900C0CEDC /* zebra.mp4 */,
			);
			path = Video;
			sourceTree = "<group>";
		};
		33DB402C27CAC6FA00C0CEDC /* Data */ = {
			isa = PBXGroup;
			children = (
				33DB403027CAC71900C0CEDC /* animals.json */,
				33DB402E27CAC71800C0CEDC /* covers.json */,
				33DB402F27CAC71900C0CEDC /* locations.json */,
				33DB402D27CAC71800C0CEDC /* videos.json */,
			);
			path = Data;
			sourceTree = "<group>";
		};
		33DB403627CAD0FC00C0CEDC /* App */ = {
			isa = PBXGroup;
			children = (
				33DB401327CAC2AA00C0CEDC /* AfricaApp.swift */,
				33DB401527CAC2AA00C0CEDC /* ContentView.swift */,
				33DB403727CAD14100C0CEDC /* VideoListView.swift */,
				33DB403927CAD15400C0CEDC /* MapView.swift */,
				33DB403B27CAD16C00C0CEDC /* GalleryView.swift */,
				33DB403D27CAD17B00C0CEDC /* MainView.swift */,
			);
			path = App;
			sourceTree = "<group>";
		};
		33DB403F27CAD92800C0CEDC /* View */ = {
			isa = PBXGroup;
			children = (
				33DB404027CAD93F00C0CEDC /* CoverImageView.swift */,
				33DB404827CB8FB300C0CEDC /* AnimalListItemView.swift */,
				33DB404C27CB964000C0CEDC /* AnimalDetailView.swift */,
				33DB404E27CB9AF700C0CEDC /* HeadingView.swift */,
				33DB405027CB9C2800C0CEDC /* InsetGalleryView.swift */,
				33DB405227CBA46800C0CEDC /* InsetFactView.swift */,
				33DB405427CBA7A100C0CEDC /* InsetMapView.swift */,
				33DB405627CBB30E00C0CEDC /* ExternalWeblinkView.swift */,
				33DB405A27CBB68D00C0CEDC /* VideoListItemView.swift */,
				33F4F5B827CC5C1800159B3E /* VideoPlayerView.swift */,
				337F53CE27CF8722009D9894 /* MapAnnotationView.swift */,
				337F53F327CFF5EE009D9894 /* MotionAnimationView.swift */,
			);
			path = View;
			sourceTree = "<group>";
		};
		33DB404227CADC1200C0CEDC /* Model */ = {
			isa = PBXGroup;
			children = (
				33DB404327CADC2D00C0CEDC /* CoverImageModel.swift */,
				33DB404A27CB929600C0CEDC /* AnimalModel.swift */,
				33DB405827CBB62900C0CEDC /* VideoModel.swift */,
				337F53CC27CF808C009D9894 /* LocationModel.swift */,
			);
			path = Model;
			sourceTree = "<group>";
		};
		33DB404527CAF77D00C0CEDC /* Extension */ = {
			isa = PBXGroup;
			children = (
				33DB404627CAF79300C0CEDC /* CodableBundleExtension.swift */,
			);
			path = Extension;
			sourceTree = "<group>";
		};
/* End PBXGroup section */

/* Begin PBXNativeTarget section */
		33DB400F27CAC2AA00C0CEDC /* Africa */ = {
			isa = PBXNativeTarget;
			buildConfigurationList = 33DB401E27CAC2AD00C0CEDC /* Build configuration list for PBXNativeTarget "Africa" */;
			buildPhases = (
				33DB400C27CAC2AA00C0CEDC /* Sources */,
				33DB400D27CAC2AA00C0CEDC /* Frameworks */,
				33DB400E27CAC2AA00C0CEDC /* Resources */,
			);
			buildRules = (
			);
			dependencies = (
			);
			name = Africa;
			productName = Africa;
			productReference = 33DB401027CAC2AA00C0CEDC /* Africa.app */;
			productType = "com.apple.product-type.application";
		};
/* End PBXNativeTarget section */

/* Begin PBXProject section */
		33DB400827CAC2AA00C0CEDC /* Project object */ = {
			isa = PBXProject;
			attributes = {
				BuildIndependentTargetsInParallel = 1;
				LastSwiftUpdateCheck = 1300;
				LastUpgradeCheck = 1300;
				TargetAttributes = {
					33DB400F27CAC2AA00C0CEDC = {
						CreatedOnToolsVersion = 13.0;
					};
				};
			};
			buildConfigurationList = 33DB400B27CAC2AA00C0CEDC /* Build configuration list for PBXProject "Africa" */;
			compatibilityVersion = "Xcode 13.0";
			developmentRegion = en;
			hasScannedForEncodings = 0;
			knownRegions = (
				en,
				Base,
			);
			mainGroup = 33DB400727CAC2AA00C0CEDC;
			productRefGroup = 33DB401127CAC2AA00C0CEDC /* Products */;
			projectDirPath = "";
			projectRoot = "";
			targets = (
				33DB400F27CAC2AA00C0CEDC /* Africa */,
			);
		};
/* End PBXProject section */

/* Begin PBXResourcesBuildPhase section */
		33DB400E27CAC2AA00C0CEDC /* Resources */ = {
			isa = PBXResourcesBuildPhase;
			buildActionMask = 2147483647;
			files = (
				33AE4CAF27CCF2AC00B6F8CD /* hippo.mp4 in Resources */,
				33AE4CB027CCF2AC00B6F8CD /* lioness.mp4 in Resources */,
				33AE4CAD27CCF2AC00B6F8CD /* rhino.mp4 in Resources */,
				33AE4CAE27CCF2AC00B6F8CD /* gorilla.mp4 in Resources */,
				33DB401B27CAC2AD00C0CEDC /* Preview Assets.xcassets in Resources */,
				33AE4CB227CCF2AC00B6F8CD /* elephant.mp4 in Resources */,
				33DB403227CAC71900C0CEDC /* covers.json in Resources */,
				33AE4CB127CCF2AC00B6F8CD /* ostrich.mp4 in Resources */,
				33DB403327CAC71900C0CEDC /* locations.json in Resources */,
				33DB403427CAC71900C0CEDC /* animals.json in Resources */,
				33DB401827CAC2AD00C0CEDC /* Assets.xcassets in Resources */,
				33DB403127CAC71900C0CEDC /* videos.json in Resources */,
				33AE4CB527CCF2AC00B6F8CD /* zebra.mp4 in Resources */,
				33AE4CB327CCF2AC00B6F8CD /* giraffe.mp4 in Resources */,
				33AE4CB427CCF2AC00B6F8CD /* lion.mp4 in Resources */,
				33AE4CAC27CCF2A100B6F8CD /* cheetah.mp4 in Resources */,
			);
			runOnlyForDeploymentPostprocessing = 0;
		};
/* End PBXResourcesBuildPhase section */

/* Begin PBXSourcesBuildPhase section */
		33DB400C27CAC2AA00C0CEDC /* Sources */ = {
			isa = PBXSourcesBuildPhase;
			buildActionMask = 2147483647;
			files = (
				33DB405727CBB30E00C0CEDC /* ExternalWeblinkView.swift in Sources */,
				33DB401627CAC2AA00C0CEDC /* ContentView.swift in Sources */,
				33DB404927CB8FB300C0CEDC /* AnimalListItemView.swift in Sources */,
				33DB403E27CAD17B00C0CEDC /* MainView.swift in Sources */,
				33DB405327CBA46800C0CEDC /* InsetFactView.swift in Sources */,
				33DB404127CAD93F00C0CEDC /* CoverImageView.swift in Sources */,
				33DB404427CADC2D00C0CEDC /* CoverImageModel.swift in Sources */,
				33DB404D27CB964000C0CEDC /* AnimalDetailView.swift in Sources */,
				33DB404B27CB929600C0CEDC /* AnimalModel.swift in Sources */,
				33DB403A27CAD15400C0CEDC /* MapView.swift in Sources */,
				33A2BA7027CBF576009E14B5 /* VideoPlayerHelper.swift in Sources */,
				33DB405527CBA7A100C0CEDC /* InsetMapView.swift in Sources */,
				33DB401427CAC2AA00C0CEDC /* AfricaApp.swift in Sources */,
				337F53CF27CF8722009D9894 /* MapAnnotationView.swift in Sources */,
				33DB403827CAD14100C0CEDC /* VideoListView.swift in Sources */,
				33DB405927CBB62900C0CEDC /* VideoModel.swift in Sources */,
				33DB403C27CAD16C00C0CEDC /* GalleryView.swift in Sources */,
				337F53CD27CF808C009D9894 /* LocationModel.swift in Sources */,
				33DB405127CB9C2800C0CEDC /* InsetGalleryView.swift in Sources */,
				33DB405B27CBB68D00C0CEDC /* VideoListItemView.swift in Sources */,
				33DB404727CAF79300C0CEDC /* CodableBundleExtension.swift in Sources */,
				337F53F427CFF5EE009D9894 /* MotionAnimationView.swift in Sources */,
				33DB404F27CB9AF700C0CEDC /* HeadingView.swift in Sources */,
				33F4F5B927CC5C1800159B3E /* VideoPlayerView.swift in Sources */,
			);
			runOnlyForDeploymentPostprocessing = 0;
		};
/* End PBXSourcesBuildPhase section */

/* Begin XCBuildConfiguration section */
		33DB401C27CAC2AD00C0CEDC /* Debug */ = {
			isa = XCBuildConfiguration;
			buildSettings = {
				ALWAYS_SEARCH_USER_PATHS = NO;
				CLANG_ANALYZER_NONNULL = YES;
				CLANG_ANALYZER_NUMBER_OBJECT_CONVERSION = YES_AGGRESSIVE;
				CLANG_CXX_LANGUAGE_STANDARD = "gnu++17";
				CLANG_CXX_LIBRARY = "libc++";
				CLANG_ENABLE_MODULES = YES;
				CLANG_ENABLE_OBJC_ARC = YES;
				CLANG_ENABLE_OBJC_WEAK = YES;
				CLANG_WARN_BLOCK_CAPTURE_AUTORELEASING = YES;
				CLANG_WARN_BOOL_CONVERSION = YES;
				CLANG_WARN_COMMA = YES;
				CLANG_WARN_CONSTANT_CONVERSION = YES;
				CLANG_WARN_DEPRECATED_OBJC_IMPLEMENTATIONS = YES;
				CLANG_WARN_DIRECT_OBJC_ISA_USAGE = YES_ERROR;
				CLANG_WARN_DOCUMENTATION_COMMENTS = YES;
				CLANG_WARN_EMPTY_BODY = YES;
				CLANG_WARN_ENUM_CONVERSION = YES;
				CLANG_WARN_INFINITE_RECURSION = YES;
				CLANG_WARN_INT_CONVERSION = YES;
				CLANG_WARN_NON_LITERAL_NULL_CONVERSION = YES;
				CLANG_WARN_OBJC_IMPLICIT_RETAIN_SELF = YES;
				CLANG_WARN_OBJC_LITERAL_CONVERSION = YES;
				CLANG_WARN_OBJC_ROOT_CLASS = YES_ERROR;
				CLANG_WARN_QUOTED_INCLUDE_IN_FRAMEWORK_HEADER = YES;
				CLANG_WARN_RANGE_LOOP_ANALYSIS = YES;
				CLANG_WARN_STRICT_PROTOTYPES = YES;
				CLANG_WARN_SUSPICIOUS_MOVE = YES;
				CLANG_WARN_UNGUARDED_AVAILABILITY = YES_AGGRESSIVE;
				CLANG_WARN_UNREACHABLE_CODE = YES;
				CLANG_WARN__DUPLICATE_METHOD_MATCH = YES;
				COPY_PHASE_STRIP = NO;
				DEBUG_INFORMATION_FORMAT = dwarf;
				ENABLE_STRICT_OBJC_MSGSEND = YES;
				ENABLE_TESTABILITY = YES;
				GCC_C_LANGUAGE_STANDARD = gnu11;
				GCC_DYNAMIC_NO_PIC = NO;
				GCC_NO_COMMON_BLOCKS = YES;
				GCC_OPTIMIZATION_LEVEL = 0;
				GCC_PREPROCESSOR_DEFINITIONS = (
					"DEBUG=1",
					"$(inherited)",
				);
				GCC_WARN_64_TO_32_BIT_CONVERSION = YES;
				GCC_WARN_ABOUT_RETURN_TYPE = YES_ERROR;
				GCC_WARN_UNDECLARED_SELECTOR = YES;
				GCC_WARN_UNINITIALIZED_AUTOS = YES_AGGRESSIVE;
				GCC_WARN_UNUSED_FUNCTION = YES;
				GCC_WARN_UNUSED_VARIABLE = YES;
				IPHONEOS_DEPLOYMENT_TARGET = 15.0;
				MTL_ENABLE_DEBUG_INFO = INCLUDE_SOURCE;
				MTL_FAST_MATH = YES;
				ONLY_ACTIVE_ARCH = YES;
				SDKROOT = iphoneos;
				SWIFT_ACTIVE_COMPILATION_CONDITIONS = DEBUG;
				SWIFT_OPTIMIZATION_LEVEL = "-Onone";
			};
			name = Debug;
		};
		33DB401D27CAC2AD00C0CEDC /* Release */ = {
			isa = XCBuildConfiguration;
			buildSettings = {
				ALWAYS_SEARCH_USER_PATHS = NO;
				CLANG_ANALYZER_NONNULL = YES;
				CLANG_ANALYZER_NUMBER_OBJECT_CONVERSION = YES_AGGRESSIVE;
				CLANG_CXX_LANGUAGE_STANDARD = "gnu++17";
				CLANG_CXX_LIBRARY = "libc++";
				CLANG_ENABLE_MODULES = YES;
				CLANG_ENABLE_OBJC_ARC = YES;
				CLANG_ENABLE_OBJC_WEAK = YES;
				CLANG_WARN_BLOCK_CAPTURE_AUTORELEASING = YES;
				CLANG_WARN_BOOL_CONVERSION = YES;
				CLANG_WARN_COMMA = YES;
				CLANG_WARN_CONSTANT_CONVERSION = YES;
				CLANG_WARN_DEPRECATED_OBJC_IMPLEMENTATIONS = YES;
				CLANG_WARN_DIRECT_OBJC_ISA_USAGE = YES_ERROR;
				CLANG_WARN_DOCUMENTATION_COMMENTS = YES;
				CLANG_WARN_EMPTY_BODY = YES;
				CLANG_WARN_ENUM_CONVERSION = YES;
				CLANG_WARN_INFINITE_RECURSION = YES;
				CLANG_WARN_INT_CONVERSION = YES;
				CLANG_WARN_NON_LITERAL_NULL_CONVERSION = YES;
				CLANG_WARN_OBJC_IMPLICIT_RETAIN_SELF = YES;
				CLANG_WARN_OBJC_LITERAL_CONVERSION = YES;
				CLANG_WARN_OBJC_ROOT_CLASS = YES_ERROR;
				CLANG_WARN_QUOTED_INCLUDE_IN_FRAMEWORK_HEADER = YES;
				CLANG_WARN_RANGE_LOOP_ANALYSIS = YES;
				CLANG_WARN_STRICT_PROTOTYPES = YES;
				CLANG_WARN_SUSPICIOUS_MOVE = YES;
				CLANG_WARN_UNGUARDED_AVAILABILITY = YES_AGGRESSIVE;
				CLANG_WARN_UNREACHABLE_CODE = YES;
				CLANG_WARN__DUPLICATE_METHOD_MATCH = YES;
				COPY_PHASE_STRIP = NO;
				DEBUG_INFORMATION_FORMAT = "dwarf-with-dsym";
				ENABLE_NS_ASSERTIONS = NO;
				ENABLE_STRICT_OBJC_MSGSEND = YES;
				GCC_C_LANGUAGE_STANDARD = gnu11;
				GCC_NO_COMMON_BLOCKS = YES;
				GCC_WARN_64_TO_32_BIT_CONVERSION = YES;
				GCC_WARN_ABOUT_RETURN_TYPE = YES_ERROR;
				GCC_WARN_UNDECLARED_SELECTOR = YES;
				GCC_WARN_UNINITIALIZED_AUTOS = YES_AGGRESSIVE;
				GCC_WARN_UNUSED_FUNCTION = YES;
				GCC_WARN_UNUSED_VARIABLE = YES;
				IPHONEOS_DEPLOYMENT_TARGET = 15.0;
				MTL_ENABLE_DEBUG_INFO = NO;
				MTL_FAST_MATH = YES;
				SDKROOT = iphoneos;
				SWIFT_COMPILATION_MODE = wholemodule;
				SWIFT_OPTIMIZATION_LEVEL = "-O";
				VALIDATE_PRODUCT = YES;
			};
			name = Release;
		};
		33DB401F27CAC2AD00C0CEDC /* Debug */ = {
			isa = XCBuildConfiguration;
			buildSettings = {
				ASSETCATALOG_COMPILER_APPICON_NAME = AppIcon;
				ASSETCATALOG_COMPILER_GLOBAL_ACCENT_COLOR_NAME = AccentColor;
				CODE_SIGN_STYLE = Automatic;
				CURRENT_PROJECT_VERSION = 1;
				DEVELOPMENT_ASSET_PATHS = "\"Africa/Preview Content\"";
				DEVELOPMENT_TEAM = ML5C6ZYMKV;
				ENABLE_PREVIEWS = YES;
				GENERATE_INFOPLIST_FILE = YES;
				INFOPLIST_FILE = Africa/Info.plist;
				INFOPLIST_KEY_UIApplicationSceneManifest_Generation = YES;
				INFOPLIST_KEY_UIApplicationSupportsIndirectInputEvents = YES;
				INFOPLIST_KEY_UISupportedInterfaceOrientations_iPad = "UIInterfaceOrientationPortrait UIInterfaceOrientationPortraitUpsideDown UIInterfaceOrientationLandscapeLeft UIInterfaceOrientationLandscapeRight";
				INFOPLIST_KEY_UISupportedInterfaceOrientations_iPhone = "UIInterfaceOrientationPortrait UIInterfaceOrientationLandscapeLeft UIInterfaceOrientationLandscapeRight";
				INFOPLIST_KEY_UIUserInterfaceStyle = Dark;
				IPHONEOS_DEPLOYMENT_TARGET = 14.0;
				LD_RUNPATH_SEARCH_PATHS = (
					"$(inherited)",
					"@executable_path/Frameworks",
				);
				MARKETING_VERSION = 1.0;
				PRODUCT_BUNDLE_IDENTIFIER = com.sky.Africa;
				PRODUCT_NAME = "$(TARGET_NAME)";
				SWIFT_EMIT_LOC_STRINGS = YES;
				SWIFT_VERSION = 5.0;
				TARGETED_DEVICE_FAMILY = "1,2";
			};
			name = Debug;
		};
		33DB402027CAC2AD00C0CEDC /* Release */ = {
			isa = XCBuildConfiguration;
			buildSettings = {
				ASSETCATALOG_COMPILER_APPICON_NAME = AppIcon;
				ASSETCATALOG_COMPILER_GLOBAL_ACCENT_COLOR_NAME = AccentColor;
				CODE_SIGN_STYLE = Automatic;
				CURRENT_PROJECT_VERSION = 1;
				DEVELOPMENT_ASSET_PATHS = "\"Africa/Preview Content\"";
				DEVELOPMENT_TEAM = ML5C6ZYMKV;
				ENABLE_PREVIEWS = YES;
				GENERATE_INFOPLIST_FILE = YES;
				INFOPLIST_FILE = Africa/Info.plist;
				INFOPLIST_KEY_UIApplicationSceneManifest_Generation = YES;
				INFOPLIST_KEY_UIApplicationSupportsIndirectInputEvents = YES;
				INFOPLIST_KEY_UISupportedInterfaceOrientations_iPad = "UIInterfaceOrientationPortrait UIInterfaceOrientationPortraitUpsideDown UIInterfaceOrientationLandscapeLeft UIInterfaceOrientationLandscapeRight";
				INFOPLIST_KEY_UISupportedInterfaceOrientations_iPhone = "UIInterfaceOrientationPortrait UIInterfaceOrientationLandscapeLeft UIInterfaceOrientationLandscapeRight";
				INFOPLIST_KEY_UIUserInterfaceStyle = Dark;
				IPHONEOS_DEPLOYMENT_TARGET = 14.0;
				LD_RUNPATH_SEARCH_PATHS = (
					"$(inherited)",
					"@executable_path/Frameworks",
				);
				MARKETING_VERSION = 1.0;
				PRODUCT_BUNDLE_IDENTIFIER = com.sky.Africa;
				PRODUCT_NAME = "$(TARGET_NAME)";
				SWIFT_EMIT_LOC_STRINGS = YES;
				SWIFT_VERSION = 5.0;
				TARGETED_DEVICE_FAMILY = "1,2";
			};
			name = Release;
		};
/* End XCBuildConfiguration section */

/* Begin XCConfigurationList section */
		33DB400B27CAC2AA00C0CEDC /* Build configuration list for PBXProject "Africa" */ = {
			isa = XCConfigurationList;
			buildConfigurations = (
				33DB401C27CAC2AD00C0CEDC /* Debug */,
				33DB401D27CAC2AD00C0CEDC /* Release */,
			);
			defaultConfigurationIsVisible = 0;
			defaultConfigurationName = Release;
		};
		33DB401E27CAC2AD00C0CEDC /* Build configuration list for PBXNativeTarget "Africa" */ = {
			isa = XCConfigurationList;
			buildConfigurations = (
				33DB401F27CAC2AD00C0CEDC /* Debug */,
				33DB402027CAC2AD00C0CEDC /* Release */,
			);
			defaultConfigurationIsVisible = 0;
			defaultConfigurationName = Release;
		};
/* End XCConfigurationList section */
	};
	rootObject = 33DB400827CAC2AA00C0CEDC /* Project object */;
}
